
Microsoft Visual Studio Solution File, Format Version 12.00
# Visual Studio 15
Project("{FAE04EC0-301F-11D3-BF4B-00C04F79EFBC}") = "Assembly-CSharp", "Assembly-CSharp.csproj", "{653F49FE-B99D-E2F3-DA8E-8453FC912C76}"
EndProject
Project("{FAE04EC0-301F-11D3-BF4B-00C04F79EFBC}") = "Assembly-CSharp-firstpass", "Assembly-CSharp-firstpass.csproj", "{A434451C-0DBF-9272-314B-F7930B05ADD0}"
EndProject
Project("{FAE04EC0-301F-11D3-BF4B-00C04F79EFBC}") = "Assembly-CSharp-Editor", "Assembly-CSharp-Editor.csproj", "{68A59639-B552-0D95-47EF-39360770376B}"
EndProject
Global
	GlobalSection(SolutionConfigurationPlatforms) = preSolution
		Debug|Any CPU = Debug|Any CPU
		Release|Any CPU = Release|Any CPU
	EndGlobalSection
	GlobalSection(ProjectConfigurationPlatforms) = postSolution
		{653F49FE-B99D-E2F3-DA8E-8453FC912C76}.Debug|Any CPU.ActiveCfg = Debug|Any CPU
		{653F49FE-B99D-E2F3-DA8E-8453FC912C76}.Debug|Any CPU.Build.0 = Debug|Any CPU
		{653F49FE-B99D-E2F3-DA8E-8453FC912C76}.Release|Any CPU.ActiveCfg = Release|Any CPU
		{653F49FE-B99D-E2F3-DA8E-8453FC912C76}.Release|Any CPU.Build.0 = Release|Any CPU
		{A434451C-0DBF-9272-314B-F7930B05ADD0}.Debug|Any CPU.ActiveCfg = Debug|Any CPU
		{A434451C-0DBF-9272-314B-F7930B05ADD0}.Debug|Any CPU.Build.0 = Debug|Any CPU
		{A434451C-0DBF-9272-314B-F7930B05ADD0}.Release|Any CPU.ActiveCfg = Release|Any CPU
		{A434451C-0DBF-9272-314B-F7930B05ADD0}.Release|Any CPU.Build.0 = Release|Any CPU
		{68A59639-B552-0D95-47EF-39360770376B}.Debug|Any CPU.ActiveCfg = Debug|Any CPU
		{68A59639-B552-0D95-47EF-39360770376B}.Debug|Any CPU.Build.0 = Debug|Any CPU
		{68A59639-B552-0D95-47EF-39360770376B}.Release|Any CPU.ActiveCfg = Release|Any CPU
		{68A59639-B552-0D95-47EF-39360770376B}.Release|Any CPU.Build.0 = Release|Any CPU
	EndGlobalSection
	GlobalSection(SolutionProperties) = preSolution
		HideSolutionNode = FALSE
	EndGlobalSection
EndGlobal
